
Microsoft Visual Studio Solution File, Format Version 12.00
# Visual Studio Version 16
VisualStudioVersion = 16.0.30523.141
MinimumVisualStudioVersion = 10.0.40219.1
Project("{8BC9CEB8-8B4A-11D0-8D11-00A0C91BC942}") = "구구단", "구구단\구구단.vcxproj", "{58029707-9A81-4A51-BC03-EAD971CBDBF2}"
EndProject
Project("{8BC9CEB8-8B4A-11D0-8D11-00A0C91BC942}") = "계산기", "calc\calc.vcxproj", "{E4981CF8-7BD2-4D47-90FA-9FDCEA436698}"
EndProject
Project("{8BC9CEB8-8B4A-11D0-8D11-00A0C91BC942}") = "소수출력", "소수출력\소수출력.vcxproj", "{3289DCFD-E6B6-4D7D-A199-C18250337064}"
EndProject
Project("{8BC9CEB8-8B4A-11D0-8D11-00A0C91BC942}") = "정렬", "정렬\정렬.vcxproj", "{F1887B7F-37FF-455B-B64D-47ACBEBDDCD1}"
EndProject
Project("{8BC9CEB8-8B4A-11D0-8D11-00A0C91BC942}") = "사각형그리기", "사각형그리기\사각형그리기.vcxproj", "{7CBA75C3-EC98-47D7-B81B-61F1F3A6744C}"
EndProject
Project("{8BC9CEB8-8B4A-11D0-8D11-00A0C91BC942}") = "텍스트파일출력", "텍스트파일출력\텍스트파일출력.vcxproj", "{A94D18D0-2CE9-440F-A627-E093AAA15D33}"
EndProject
Project("{8BC9CEB8-8B4A-11D0-8D11-00A0C91BC942}") = "약수출력", "약수출력\약수출력.vcxproj", "{9E96D24F-0C09-439D-BC63-07032C4DEFCA}"
EndProject
Project("{8BC9CEB8-8B4A-11D0-8D11-00A0C91BC942}") = "성적", "성적\성적.vcxproj", "{8D923A37-6CDD-4F0A-9142-1C140216D152}"
EndProject
Global
	GlobalSection(SolutionConfigurationPlatforms) = preSolution
		Debug|x64 = Debug|x64
		Debug|x86 = Debug|x86
		Release|x64 = Release|x64
		Release|x86 = Release|x86
	EndGlobalSection
	GlobalSection(ProjectConfigurationPlatforms) = postSolution
		{58029707-9A81-4A51-BC03-EAD971CBDBF2}.Debug|x64.ActiveCfg = Debug|x64
		{58029707-9A81-4A51-BC03-EAD971CBDBF2}.Debug|x64.Build.0 = Debug|x64
		{58029707-9A81-4A51-BC03-EAD971CBDBF2}.Debug|x86.ActiveCfg = Debug|Win32
		{58029707-9A81-4A51-BC03-EAD971CBDBF2}.Debug|x86.Build.0 = Debug|Win32
		{58029707-9A81-4A51-BC03-EAD971CBDBF2}.Release|x64.ActiveCfg = Release|x64
		{58029707-9A81-4A51-BC03-EAD971CBDBF2}.Release|x64.Build.0 = Release|x64
		{58029707-9A81-4A51-BC03-EAD971CBDBF2}.Release|x86.ActiveCfg = Release|Win32
		{58029707-9A81-4A51-BC03-EAD971CBDBF2}.Release|x86.Build.0 = Release|Win32
		{E4981CF8-7BD2-4D47-90FA-9FDCEA436698}.Debug|x64.ActiveCfg = Debug|x64
		{E4981CF8-7BD2-4D47-90FA-9FDCEA436698}.Debug|x64.Build.0 = Debug|x64
		{E4981CF8-7BD2-4D47-90FA-9FDCEA436698}.Debug|x86.ActiveCfg = Debug|Win32
		{E4981CF8-7BD2-4D47-90FA-9FDCEA436698}.Debug|x86.Build.0 = Debug|Win32
		{E4981CF8-7BD2-4D47-90FA-9FDCEA436698}.Release|x64.ActiveCfg = Release|x64
		{E4981CF8-7BD2-4D47-90FA-9FDCEA436698}.Release|x64.Build.0 = Release|x64
		{E4981CF8-7BD2-4D47-90FA-9FDCEA436698}.Release|x86.ActiveCfg = Release|Win32
		{E4981CF8-7BD2-4D47-90FA-9FDCEA436698}.Release|x86.Build.0 = Release|Win32
		{3289DCFD-E6B6-4D7D-A199-C18250337064}.Debug|x64.ActiveCfg = Debug|x64
		{3289DCFD-E6B6-4D7D-A199-C18250337064}.Debug|x64.Build.0 = Debug|x64
		{3289DCFD-E6B6-4D7D-A199-C18250337064}.Debug|x86.ActiveCfg = Debug|Win32
		{3289DCFD-E6B6-4D7D-A199-C18250337064}.Debug|x86.Build.0 = Debug|Win32
		{3289DCFD-E6B6-4D7D-A199-C18250337064}.Release|x64.ActiveCfg = Release|x64
		{3289DCFD-E6B6-4D7D-A199-C18250337064}.Release|x64.Build.0 = Release|x64
		{3289DCFD-E6B6-4D7D-A199-C18250337064}.Release|x86.ActiveCfg = Release|Win32
		{3289DCFD-E6B6-4D7D-A199-C18250337064}.Release|x86.Build.0 = Release|Win32
		{F1887B7F-37FF-455B-B64D-47ACBEBDDCD1}.Debug|x64.ActiveCfg = Debug|x64
		{F1887B7F-37FF-455B-B64D-47ACBEBDDCD1}.Debug|x64.Build.0 = Debug|x64
		{F1887B7F-37FF-455B-B64D-47ACBEBDDCD1}.Debug|x86.ActiveCfg = Debug|Win32
		{F1887B7F-37FF-455B-B64D-47ACBEBDDCD1}.Debug|x86.Build.0 = Debug|Win32
		{F1887B7F-37FF-455B-B64D-47ACBEBDDCD1}.Release|x64.ActiveCfg = Release|x64
		{F1887B7F-37FF-455B-B64D-47ACBEBDDCD1}.Release|x64.Build.0 = Release|x64
		{F1887B7F-37FF-455B-B64D-47ACBEBDDCD1}.Release|x86.ActiveCfg = Release|Win32
		{F1887B7F-37FF-455B-B64D-47ACBEBDDCD1}.Release|x86.Build.0 = Release|Win32
		{7CBA75C3-EC98-47D7-B81B-61F1F3A6744C}.Debug|x64.ActiveCfg = Debug|x64
		{7CBA75C3-EC98-47D7-B81B-61F1F3A6744C}.Debug|x64.Build.0 = Debug|x64
		{7CBA75C3-EC98-47D7-B81B-61F1F3A6744C}.Debug|x86.ActiveCfg = Debug|Win32
		{7CBA75C3-EC98-47D7-B81B-61F1F3A6744C}.Debug|x86.Build.0 = Debug|Win32
		{7CBA75C3-EC98-47D7-B81B-61F1F3A6744C}.Release|x64.ActiveCfg = Release|x64
		{7CBA75C3-EC98-47D7-B81B-61F1F3A6744C}.Release|x64.Build.0 = Release|x64
		{7CBA75C3-EC98-47D7-B81B-61F1F3A6744C}.Release|x86.ActiveCfg = Release|Win32
		{7CBA75C3-EC98-47D7-B81B-61F1F3A6744C}.Release|x86.Build.0 = Release|Win32
		{A94D18D0-2CE9-440F-A627-E093AAA15D33}.Debug|x64.ActiveCfg = Debug|x64
		{A94D18D0-2CE9-440F-A627-E093AAA15D33}.Debug|x64.Build.0 = Debug|x64
		{A94D18D0-2CE9-440F-A627-E093AAA15D33}.Debug|x86.ActiveCfg = Debug|Win32
		{A94D18D0-2CE9-440F-A627-E093AAA15D33}.Debug|x86.Build.0 = Debug|Win32
		{A94D18D0-2CE9-440F-A627-E093AAA15D33}.Release|x64.ActiveCfg = Release|x64
		{A94D18D0-2CE9-440F-A627-E093AAA15D33}.Release|x64.Build.0 = Release|x64
		{A94D18D0-2CE9-440F-A627-E093AAA15D33}.Release|x86.ActiveCfg = Release|Win32
		{A94D18D0-2CE9-440F-A627-E093AAA15D33}.Release|x86.Build.0 = Release|Win32
		{9E96D24F-0C09-439D-BC63-07032C4DEFCA}.Debug|x64.ActiveCfg = Debug|x64
		{9E96D24F-0C09-439D-BC63-07032C4DEFCA}.Debug|x64.Build.0 = Debug|x64
		{9E96D24F-0C09-439D-BC63-07032C4DEFCA}.Debug|x86.ActiveCfg = Debug|Win32
		{9E96D24F-0C09-439D-BC63-07032C4DEFCA}.Debug|x86.Build.0 = Debug|Win32
		{9E96D24F-0C09-439D-BC63-07032C4DEFCA}.Release|x64.ActiveCfg = Release|x64
		{9E96D24F-0C09-439D-BC63-07032C4DEFCA}.Release|x64.Build.0 = Release|x64
		{9E96D24F-0C09-439D-BC63-07032C4DEFCA}.Release|x86.ActiveCfg = Release|Win32
		{9E96D24F-0C09-439D-BC63-07032C4DEFCA}.Release|x86.Build.0 = Release|Win32
		{8D923A37-6CDD-4F0A-9142-1C140216D152}.Debug|x64.ActiveCfg = Debug|x64
		{8D923A37-6CDD-4F0A-9142-1C140216D152}.Debug|x64.Build.0 = Debug|x64
		{8D923A37-6CDD-4F0A-9142-1C140216D152}.Debug|x86.ActiveCfg = Debug|Win32
		{8D923A37-6CDD-4F0A-9142-1C140216D152}.Debug|x86.Build.0 = Debug|Win32
		{8D923A37-6CDD-4F0A-9142-1C140216D152}.Release|x64.ActiveCfg = Release|x64
		{8D923A37-6CDD-4F0A-9142-1C140216D152}.Release|x64.Build.0 = Release|x64
		{8D923A37-6CDD-4F0A-9142-1C140216D152}.Release|x86.ActiveCfg = Release|Win32
		{8D923A37-6CDD-4F0A-9142-1C140216D152}.Release|x86.Build.0 = Release|Win32
	EndGlobalSection
	GlobalSection(SolutionProperties) = preSolution
		HideSolutionNode = FALSE
	EndGlobalSection
	GlobalSection(ExtensibilityGlobals) = postSolution
		SolutionGuid = {1EB5D62B-0BAF-4BA1-9BB0-81D2E3D167B1}
	EndGlobalSection
EndGlobal
